
Microsoft Visual Studio Solution File, Format Version 12.00
# Visual Studio Version 16
VisualStudioVersion = 16.0.31321.278
MinimumVisualStudioVersion = 10.0.40219.1
Project("{FAE04EC0-301F-11D3-BF4B-00C04F79EFBC}") = "ACM.BL", "ACM.BL\ACM.BL.csproj", "{50E0308E-C740-4ADB-AE74-677243E0E46F}"
EndProject
Global
	GlobalSection(SolutionConfigurationPlatforms) = preSolution
		Debug|Any CPU = Debug|Any CPU
		Release|Any CPU = Release|Any CPU
	EndGlobalSection
	GlobalSection(ProjectConfigurationPlatforms) = postSolution
		{50E0308E-C740-4ADB-AE74-677243E0E46F}.Debug|Any CPU.ActiveCfg = Debug|Any CPU
		{50E0308E-C740-4ADB-AE74-677243E0E46F}.Debug|Any CPU.Build.0 = Debug|Any CPU
		{50E0308E-C740-4ADB-AE74-677243E0E46F}.Release|Any CPU.ActiveCfg = Release|Any CPU
		{50E0308E-C740-4ADB-AE74-677243E0E46F}.Release|Any CPU.Build.0 = Release|Any CPU
	EndGlobalSection
	GlobalSection(SolutionProperties) = preSolution
		HideSolutionNode = FALSE
	EndGlobalSection
	GlobalSection(ExtensibilityGlobals) = postSolution
		SolutionGuid = {CA714BA5-C157-4E79-AF4E-891DE579B02B}
	EndGlobalSection
EndGlobal
